// !$*UTF8*$!
{
	archiveVersion = 1;
	classes = {
	};
	objectVersion = 55;
	objects = {

/* Begin PBXBuildFile section */
		27226F4C282F246D00DC02FD /* AppDelegate.swift in Sources */ = {isa = PBXBuildFile; fileRef = 27226F4B282F246D00DC02FD /* AppDelegate.swift */; };
		27226F4E282F246D00DC02FD /* SceneDelegate.swift in Sources */ = {isa = PBXBuildFile; fileRef = 27226F4D282F246D00DC02FD /* SceneDelegate.swift */; };
		27226F53282F246D00DC02FD /* Main.storyboard in Resources */ = {isa = PBXBuildFile; fileRef = 27226F51282F246D00DC02FD /* Main.storyboard */; };
		27226F55282F246F00DC02FD /* Assets.xcassets in Resources */ = {isa = PBXBuildFile; fileRef = 27226F54282F246F00DC02FD /* Assets.xcassets */; };
		27226F58282F246F00DC02FD /* LaunchScreen.storyboard in Resources */ = {isa = PBXBuildFile; fileRef = 27226F56282F246F00DC02FD /* LaunchScreen.storyboard */; };
		27226F67282F2CFE00DC02FD /* GraphViewController.swift in Sources */ = {isa = PBXBuildFile; fileRef = 27226F66282F2CFE00DC02FD /* GraphViewController.swift */; };
		27226F69282F2D1D00DC02FD /* HeroClassViewController.swift in Sources */ = {isa = PBXBuildFile; fileRef = 27226F68282F2D1D00DC02FD /* HeroClassViewController.swift */; };
		27226F72282F31BC00DC02FD /* MainTabBarController.swift in Sources */ = {isa = PBXBuildFile; fileRef = 27226F71282F31BC00DC02FD /* MainTabBarController.swift */; };
		27226F76282F335900DC02FD /* ViewController.swift.swift in Sources */ = {isa = PBXBuildFile; fileRef = 27226F75282F335900DC02FD /* ViewController.swift.swift */; };
		27226F7B282F33B400DC02FD /* CalendarViewController.swift in Sources */ = {isa = PBXBuildFile; fileRef = 27226F7A282F33B400DC02FD /* CalendarViewController.swift */; };
		8188020102999BF6F55EB50E /* Pods_AlmightyHeroApp.framework in Frameworks */ = {isa = PBXBuildFile; fileRef = FEF5528F857AF1A39E49E527 /* Pods_AlmightyHeroApp.framework */; };
/* End PBXBuildFile section */

/* Begin PBXFileReference section */
		27226F48282F246D00DC02FD /* AlmightyHeroApp.app */ = {isa = PBXFileReference; explicitFileType = wrapper.application; includeInIndex = 0; path = AlmightyHeroApp.app; sourceTree = BUILT_PRODUCTS_DIR; };
		27226F4B282F246D00DC02FD /* AppDelegate.swift */ = {isa = PBXFileReference; lastKnownFileType = sourcecode.swift; path = AppDelegate.swift; sourceTree = "<group>"; };
		27226F4D282F246D00DC02FD /* SceneDelegate.swift */ = {isa = PBXFileReference; lastKnownFileType = sourcecode.swift; path = SceneDelegate.swift; sourceTree = "<group>"; };
		27226F52282F246D00DC02FD /* Base */ = {isa = PBXFileReference; lastKnownFileType = file.storyboard; name = Base; path = Base.lproj/Main.storyboard; sourceTree = "<group>"; };
		27226F54282F246F00DC02FD /* Assets.xcassets */ = {isa = PBXFileReference; lastKnownFileType = folder.assetcatalog; path = Assets.xcassets; sourceTree = "<group>"; };
		27226F57282F246F00DC02FD /* Base */ = {isa = PBXFileReference; lastKnownFileType = file.storyboard; name = Base; path = Base.lproj/LaunchScreen.storyboard; sourceTree = "<group>"; };
		27226F59282F246F00DC02FD /* Info.plist */ = {isa = PBXFileReference; lastKnownFileType = text.plist.xml; path = Info.plist; sourceTree = "<group>"; };
		27226F66282F2CFE00DC02FD /* GraphViewController.swift */ = {isa = PBXFileReference; lastKnownFileType = sourcecode.swift; path = GraphViewController.swift; sourceTree = "<group>"; };
		27226F68282F2D1D00DC02FD /* HeroClassViewController.swift */ = {isa = PBXFileReference; lastKnownFileType = sourcecode.swift; path = HeroClassViewController.swift; sourceTree = "<group>"; };
		27226F71282F31BC00DC02FD /* MainTabBarController.swift */ = {isa = PBXFileReference; lastKnownFileType = sourcecode.swift; path = MainTabBarController.swift; sourceTree = "<group>"; };
		27226F75282F335900DC02FD /* ViewController.swift.swift */ = {isa = PBXFileReference; fileEncoding = 4; lastKnownFileType = sourcecode.swift; path = ViewController.swift.swift; sourceTree = "<group>"; };
		27226F7A282F33B400DC02FD /* CalendarViewController.swift */ = {isa = PBXFileReference; lastKnownFileType = sourcecode.swift; path = CalendarViewController.swift; sourceTree = "<group>"; };
		B449F4777526AB3C12CE37BA /* Pods-AlmightyHeroApp.debug.xcconfig */ = {isa = PBXFileReference; includeInIndex = 1; lastKnownFileType = text.xcconfig; name = "Pods-AlmightyHeroApp.debug.xcconfig"; path = "Target Support Files/Pods-AlmightyHeroApp/Pods-AlmightyHeroApp.debug.xcconfig"; sourceTree = "<group>"; };
		D22E36656C399551F60E316F /* Pods-AlmightyHeroApp.release.xcconfig */ = {isa = PBXFileReference; includeInIndex = 1; lastKnownFileType = text.xcconfig; name = "Pods-AlmightyHeroApp.release.xcconfig"; path = "Target Support Files/Pods-AlmightyHeroApp/Pods-AlmightyHeroApp.release.xcconfig"; sourceTree = "<group>"; };
		FEF5528F857AF1A39E49E527 /* Pods_AlmightyHeroApp.framework */ = {isa = PBXFileReference; explicitFileType = wrapper.framework; includeInIndex = 0; path = Pods_AlmightyHeroApp.framework; sourceTree = BUILT_PRODUCTS_DIR; };
/* End PBXFileReference section */

/* Begin PBXFrameworksBuildPhase section */
		27226F45282F246D00DC02FD /* Frameworks */ = {
			isa = PBXFrameworksBuildPhase;
			buildActionMask = 2147483647;
			files = (
				8188020102999BF6F55EB50E /* Pods_AlmightyHeroApp.framework in Frameworks */,
			);
			runOnlyForDeploymentPostprocessing = 0;
		};
/* End PBXFrameworksBuildPhase section */

/* Begin PBXGroup section */
		181C05F8CCE213B5088B5618 /* Frameworks */ = {
			isa = PBXGroup;
			children = (
				FEF5528F857AF1A39E49E527 /* Pods_AlmightyHeroApp.framework */,
			);
			name = Frameworks;
			sourceTree = "<group>";
		};
		27226F3F282F246D00DC02FD = {
			isa = PBXGroup;
			children = (
				27226F4A282F246D00DC02FD /* AlmightyHeroApp */,
				27226F49282F246D00DC02FD /* Products */,
				73D918345323FAE4D0E61B5C /* Pods */,
				181C05F8CCE213B5088B5618 /* Frameworks */,
			);
			sourceTree = "<group>";
		};
		27226F49282F246D00DC02FD /* Products */ = {
			isa = PBXGroup;
			children = (
				27226F48282F246D00DC02FD /* AlmightyHeroApp.app */,
			);
			name = Products;
			sourceTree = "<group>";
		};
		27226F4A282F246D00DC02FD /* AlmightyHeroApp */ = {
			isa = PBXGroup;
			children = (
				27226F70282F30A400DC02FD /* Extension */,
				27226F6D282F308200DC02FD /* Delegate */,
				27226F6C282F306A00DC02FD /* Model */,
				27226F6B282F306200DC02FD /* Controller */,
				27226F6A282F305A00DC02FD /* View */,
				27226F54282F246F00DC02FD /* Assets.xcassets */,
				27226F59282F246F00DC02FD /* Info.plist */,
			);
			path = AlmightyHeroApp;
			sourceTree = "<group>";
		};
		27226F6A282F305A00DC02FD /* View */ = {
			isa = PBXGroup;
			children = (
				27226F51282F246D00DC02FD /* Main.storyboard */,
				27226F56282F246F00DC02FD /* LaunchScreen.storyboard */,
			);
			path = View;
			sourceTree = "<group>";
		};
		27226F6B282F306200DC02FD /* Controller */ = {
			isa = PBXGroup;
			children = (
				27226F75282F335900DC02FD /* ViewController.swift.swift */,
				27226F71282F31BC00DC02FD /* MainTabBarController.swift */,
				27226F7A282F33B400DC02FD /* CalendarViewController.swift */,
				27226F66282F2CFE00DC02FD /* GraphViewController.swift */,
				27226F68282F2D1D00DC02FD /* HeroClassViewController.swift */,
			);
			path = Controller;
			sourceTree = "<group>";
		};
		27226F6C282F306A00DC02FD /* Model */ = {
			isa = PBXGroup;
			children = (
			);
			path = Model;
			sourceTree = "<group>";
		};
		27226F6D282F308200DC02FD /* Delegate */ = {
			isa = PBXGroup;
			children = (
				27226F4B282F246D00DC02FD /* AppDelegate.swift */,
				27226F4D282F246D00DC02FD /* SceneDelegate.swift */,
			);
			path = Delegate;
			sourceTree = "<group>";
		};
		27226F70282F30A400DC02FD /* Extension */ = {
			isa = PBXGroup;
			children = (
			);
			path = Extension;
			sourceTree = "<group>";
		};
		73D918345323FAE4D0E61B5C /* Pods */ = {
			isa = PBXGroup;
			children = (
				B449F4777526AB3C12CE37BA /* Pods-AlmightyHeroApp.debug.xcconfig */,
				D22E36656C399551F60E316F /* Pods-AlmightyHeroApp.release.xcconfig */,
			);
			name = Pods;
			path = Pods;
			sourceTree = "<group>";
		};
/* End PBXGroup section */

/* Begin PBXNativeTarget section */
		27226F47282F246D00DC02FD /* AlmightyHeroApp */ = {
			isa = PBXNativeTarget;
			buildConfigurationList = 27226F5C282F246F00DC02FD /* Build configuration list for PBXNativeTarget "AlmightyHeroApp" */;
			buildPhases = (
				D25A6BEDFA352786A0D02FD8 /* [CP] Check Pods Manifest.lock */,
				27226F44282F246D00DC02FD /* Sources */,
				27226F45282F246D00DC02FD /* Frameworks */,
				27226F46282F246D00DC02FD /* Resources */,
				50392A12CFE2100EEF7C01D0 /* [CP] Embed Pods Frameworks */,
			);
			buildRules = (
			);
			dependencies = (
			);
			name = AlmightyHeroApp;
			productName = AlmightyHeroApp;
			productReference = 27226F48282F246D00DC02FD /* AlmightyHeroApp.app */;
			productType = "com.apple.product-type.application";
		};
/* End PBXNativeTarget section */

/* Begin PBXProject section */
		27226F40282F246D00DC02FD /* Project object */ = {
			isa = PBXProject;
			attributes = {
				BuildIndependentTargetsInParallel = 1;
				LastSwiftUpdateCheck = 1330;
				LastUpgradeCheck = 1330;
				TargetAttributes = {
					27226F47282F246D00DC02FD = {
						CreatedOnToolsVersion = 13.3.1;
					};
				};
			};
			buildConfigurationList = 27226F43282F246D00DC02FD /* Build configuration list for PBXProject "AlmightyHeroApp" */;
			compatibilityVersion = "Xcode 13.0";
			developmentRegion = en;
			hasScannedForEncodings = 0;
			knownRegions = (
				en,
				Base,
			);
			mainGroup = 27226F3F282F246D00DC02FD;
			productRefGroup = 27226F49282F246D00DC02FD /* Products */;
			projectDirPath = "";
			projectRoot = "";
			targets = (
				27226F47282F246D00DC02FD /* AlmightyHeroApp */,
			);
		};
/* End PBXProject section */

/* Begin PBXResourcesBuildPhase section */
		27226F46282F246D00DC02FD /* Resources */ = {
			isa = PBXResourcesBuildPhase;
			buildActionMask = 2147483647;
			files = (
				27226F58282F246F00DC02FD /* LaunchScreen.storyboard in Resources */,
				27226F55282F246F00DC02FD /* Assets.xcassets in Resources */,
				27226F53282F246D00DC02FD /* Main.storyboard in Resources */,
			);
			runOnlyForDeploymentPostprocessing = 0;
		};
/* End PBXResourcesBuildPhase section */

/* Begin PBXShellScriptBuildPhase section */
		50392A12CFE2100EEF7C01D0 /* [CP] Embed Pods Frameworks */ = {
			isa = PBXShellScriptBuildPhase;
			buildActionMask = 2147483647;
			files = (
			);
			inputFileListPaths = (
				"${PODS_ROOT}/Target Support Files/Pods-AlmightyHeroApp/Pods-AlmightyHeroApp-frameworks-${CONFIGURATION}-input-files.xcfilelist",
			);
			name = "[CP] Embed Pods Frameworks";
			outputFileListPaths = (
				"${PODS_ROOT}/Target Support Files/Pods-AlmightyHeroApp/Pods-AlmightyHeroApp-frameworks-${CONFIGURATION}-output-files.xcfilelist",
			);
			runOnlyForDeploymentPostprocessing = 0;
			shellPath = /bin/sh;
			shellScript = "\"${PODS_ROOT}/Target Support Files/Pods-AlmightyHeroApp/Pods-AlmightyHeroApp-frameworks.sh\"\n";
			showEnvVarsInLog = 0;
		};
		D25A6BEDFA352786A0D02FD8 /* [CP] Check Pods Manifest.lock */ = {
			isa = PBXShellScriptBuildPhase;
			buildActionMask = 2147483647;
			files = (
			);
			inputFileListPaths = (
			);
			inputPaths = (
				"${PODS_PODFILE_DIR_PATH}/Podfile.lock",
				"${PODS_ROOT}/Manifest.lock",
			);
			name = "[CP] Check Pods Manifest.lock";
			outputFileListPaths = (
			);
			outputPaths = (
				"$(DERIVED_FILE_DIR)/Pods-AlmightyHeroApp-checkManifestLockResult.txt",
			);
			runOnlyForDeploymentPostprocessing = 0;
			shellPath = /bin/sh;
			shellScript = "diff \"${PODS_PODFILE_DIR_PATH}/Podfile.lock\" \"${PODS_ROOT}/Manifest.lock\" > /dev/null\nif [ $? != 0 ] ; then\n    # print error to STDERR\n    echo \"error: The sandbox is not in sync with the Podfile.lock. Run 'pod install' or update your CocoaPods installation.\" >&2\n    exit 1\nfi\n# This output is used by Xcode 'outputs' to avoid re-running this script phase.\necho \"SUCCESS\" > \"${SCRIPT_OUTPUT_FILE_0}\"\n";
			showEnvVarsInLog = 0;
		};
/* End PBXShellScriptBuildPhase section */

/* Begin PBXSourcesBuildPhase section */
		27226F44282F246D00DC02FD /* Sources */ = {
			isa = PBXSourcesBuildPhase;
			buildActionMask = 2147483647;
			files = (
				27226F4C282F246D00DC02FD /* AppDelegate.swift in Sources */,
				27226F72282F31BC00DC02FD /* MainTabBarController.swift in Sources */,
				27226F67282F2CFE00DC02FD /* GraphViewController.swift in Sources */,
				27226F4E282F246D00DC02FD /* SceneDelegate.swift in Sources */,
				27226F69282F2D1D00DC02FD /* HeroClassViewController.swift in Sources */,
				27226F7B282F33B400DC02FD /* CalendarViewController.swift in Sources */,
				27226F76282F335900DC02FD /* ViewController.swift.swift in Sources */,
			);
			runOnlyForDeploymentPostprocessing = 0;
		};
/* End PBXSourcesBuildPhase section */

/* Begin PBXVariantGroup section */
		27226F51282F246D00DC02FD /* Main.storyboard */ = {
			isa = PBXVariantGroup;
			children = (
				27226F52282F246D00DC02FD /* Base */,
			);
			name = Main.storyboard;
			sourceTree = "<group>";
		};
		27226F56282F246F00DC02FD /* LaunchScreen.storyboard */ = {
			isa = PBXVariantGroup;
			children = (
				27226F57282F246F00DC02FD /* Base */,
			);
			name = LaunchScreen.storyboard;
			sourceTree = "<group>";
		};
/* End PBXVariantGroup section */

/* Begin XCBuildConfiguration section */
		27226F5A282F246F00DC02FD /* Debug */ = {
			isa = XCBuildConfiguration;
			buildSettings = {
				ALWAYS_SEARCH_USER_PATHS = NO;
				CLANG_ANALYZER_NONNULL = YES;
				CLANG_ANALYZER_NUMBER_OBJECT_CONVERSION = YES_AGGRESSIVE;
				CLANG_CXX_LANGUAGE_STANDARD = "gnu++17";
				CLANG_ENABLE_MODULES = YES;
				CLANG_ENABLE_OBJC_ARC = YES;
				CLANG_ENABLE_OBJC_WEAK = YES;
				CLANG_WARN_BLOCK_CAPTURE_AUTORELEASING = YES;
				CLANG_WARN_BOOL_CONVERSION = YES;
				CLANG_WARN_COMMA = YES;
				CLANG_WARN_CONSTANT_CONVERSION = YES;
				CLANG_WARN_DEPRECATED_OBJC_IMPLEMENTATIONS = YES;
				CLANG_WARN_DIRECT_OBJC_ISA_USAGE = YES_ERROR;
				CLANG_WARN_DOCUMENTATION_COMMENTS = YES;
				CLANG_WARN_EMPTY_BODY = YES;
				CLANG_WARN_ENUM_CONVERSION = YES;
				CLANG_WARN_INFINITE_RECURSION = YES;
				CLANG_WARN_INT_CONVERSION = YES;
				CLANG_WARN_NON_LITERAL_NULL_CONVERSION = YES;
				CLANG_WARN_OBJC_IMPLICIT_RETAIN_SELF = YES;
				CLANG_WARN_OBJC_LITERAL_CONVERSION = YES;
				CLANG_WARN_OBJC_ROOT_CLASS = YES_ERROR;
				CLANG_WARN_QUOTED_INCLUDE_IN_FRAMEWORK_HEADER = YES;
				CLANG_WARN_RANGE_LOOP_ANALYSIS = YES;
				CLANG_WARN_STRICT_PROTOTYPES = YES;
				CLANG_WARN_SUSPICIOUS_MOVE = YES;
				CLANG_WARN_UNGUARDED_AVAILABILITY = YES_AGGRESSIVE;
				CLANG_WARN_UNREACHABLE_CODE = YES;
				CLANG_WARN__DUPLICATE_METHOD_MATCH = YES;
				COPY_PHASE_STRIP = NO;
				DEBUG_INFORMATION_FORMAT = dwarf;
				ENABLE_STRICT_OBJC_MSGSEND = YES;
				ENABLE_TESTABILITY = YES;
				GCC_C_LANGUAGE_STANDARD = gnu11;
				GCC_DYNAMIC_NO_PIC = NO;
				GCC_NO_COMMON_BLOCKS = YES;
				GCC_OPTIMIZATION_LEVEL = 0;
				GCC_PREPROCESSOR_DEFINITIONS = (
					"DEBUG=1",
					"$(inherited)",
				);
				GCC_WARN_64_TO_32_BIT_CONVERSION = YES;
				GCC_WARN_ABOUT_RETURN_TYPE = YES_ERROR;
				GCC_WARN_UNDECLARED_SELECTOR = YES;
				GCC_WARN_UNINITIALIZED_AUTOS = YES_AGGRESSIVE;
				GCC_WARN_UNUSED_FUNCTION = YES;
				GCC_WARN_UNUSED_VARIABLE = YES;
				IPHONEOS_DEPLOYMENT_TARGET = 15.4;
				MTL_ENABLE_DEBUG_INFO = INCLUDE_SOURCE;
				MTL_FAST_MATH = YES;
				ONLY_ACTIVE_ARCH = YES;
				SDKROOT = iphoneos;
				SWIFT_ACTIVE_COMPILATION_CONDITIONS = DEBUG;
				SWIFT_OPTIMIZATION_LEVEL = "-Onone";
			};
			name = Debug;
		};
		27226F5B282F246F00DC02FD /* Release */ = {
			isa = XCBuildConfiguration;
			buildSettings = {
				ALWAYS_SEARCH_USER_PATHS = NO;
				CLANG_ANALYZER_NONNULL = YES;
				CLANG_ANALYZER_NUMBER_OBJECT_CONVERSION = YES_AGGRESSIVE;
				CLANG_CXX_LANGUAGE_STANDARD = "gnu++17";
				CLANG_ENABLE_MODULES = YES;
				CLANG_ENABLE_OBJC_ARC = YES;
				CLANG_ENABLE_OBJC_WEAK = YES;
				CLANG_WARN_BLOCK_CAPTURE_AUTORELEASING = YES;
				CLANG_WARN_BOOL_CONVERSION = YES;
				CLANG_WARN_COMMA = YES;
				CLANG_WARN_CONSTANT_CONVERSION = YES;
				CLANG_WARN_DEPRECATED_OBJC_IMPLEMENTATIONS = YES;
				CLANG_WARN_DIRECT_OBJC_ISA_USAGE = YES_ERROR;
				CLANG_WARN_DOCUMENTATION_COMMENTS = YES;
				CLANG_WARN_EMPTY_BODY = YES;
				CLANG_WARN_ENUM_CONVERSION = YES;
				CLANG_WARN_INFINITE_RECURSION = YES;
				CLANG_WARN_INT_CONVERSION = YES;
				CLANG_WARN_NON_LITERAL_NULL_CONVERSION = YES;
				CLANG_WARN_OBJC_IMPLICIT_RETAIN_SELF = YES;
				CLANG_WARN_OBJC_LITERAL_CONVERSION = YES;
				CLANG_WARN_OBJC_ROOT_CLASS = YES_ERROR;
				CLANG_WARN_QUOTED_INCLUDE_IN_FRAMEWORK_HEADER = YES;
				CLANG_WARN_RANGE_LOOP_ANALYSIS = YES;
				CLANG_WARN_STRICT_PROTOTYPES = YES;
				CLANG_WARN_SUSPICIOUS_MOVE = YES;
				CLANG_WARN_UNGUARDED_AVAILABILITY = YES_AGGRESSIVE;
				CLANG_WARN_UNREACHABLE_CODE = YES;
				CLANG_WARN__DUPLICATE_METHOD_MATCH = YES;
				COPY_PHASE_STRIP = NO;
				DEBUG_INFORMATION_FORMAT = "dwarf-with-dsym";
				ENABLE_NS_ASSERTIONS = NO;
				ENABLE_STRICT_OBJC_MSGSEND = YES;
				GCC_C_LANGUAGE_STANDARD = gnu11;
				GCC_NO_COMMON_BLOCKS = YES;
				GCC_WARN_64_TO_32_BIT_CONVERSION = YES;
				GCC_WARN_ABOUT_RETURN_TYPE = YES_ERROR;
				GCC_WARN_UNDECLARED_SELECTOR = YES;
				GCC_WARN_UNINITIALIZED_AUTOS = YES_AGGRESSIVE;
				GCC_WARN_UNUSED_FUNCTION = YES;
				GCC_WARN_UNUSED_VARIABLE = YES;
				IPHONEOS_DEPLOYMENT_TARGET = 15.4;
				MTL_ENABLE_DEBUG_INFO = NO;
				MTL_FAST_MATH = YES;
				SDKROOT = iphoneos;
				SWIFT_COMPILATION_MODE = wholemodule;
				SWIFT_OPTIMIZATION_LEVEL = "-O";
				VALIDATE_PRODUCT = YES;
			};
			name = Release;
		};
		27226F5D282F246F00DC02FD /* Debug */ = {
			isa = XCBuildConfiguration;
			baseConfigurationReference = B449F4777526AB3C12CE37BA /* Pods-AlmightyHeroApp.debug.xcconfig */;
			buildSettings = {
				ASSETCATALOG_COMPILER_APPICON_NAME = AppIcon;
				ASSETCATALOG_COMPILER_GLOBAL_ACCENT_COLOR_NAME = AccentColor;
				CODE_SIGN_STYLE = Automatic;
				CURRENT_PROJECT_VERSION = 1;
				DEVELOPMENT_TEAM = F4YR54FN6M;
				GENERATE_INFOPLIST_FILE = YES;
				INFOPLIST_FILE = AlmightyHeroApp/Info.plist;
				INFOPLIST_KEY_UIApplicationSupportsIndirectInputEvents = YES;
				INFOPLIST_KEY_UILaunchStoryboardName = LaunchScreen;
				INFOPLIST_KEY_UIMainStoryboardFile = Main;
				INFOPLIST_KEY_UISupportedInterfaceOrientations_iPad = "UIInterfaceOrientationPortrait UIInterfaceOrientationPortraitUpsideDown UIInterfaceOrientationLandscapeLeft UIInterfaceOrientationLandscapeRight";
				INFOPLIST_KEY_UISupportedInterfaceOrientations_iPhone = "UIInterfaceOrientationPortrait UIInterfaceOrientationLandscapeLeft UIInterfaceOrientationLandscapeRight";
				LD_RUNPATH_SEARCH_PATHS = (
					"$(inherited)",
					"@executable_path/Frameworks",
				);
				MARKETING_VERSION = 1.0;
				PRODUCT_BUNDLE_IDENTIFIER = com.yohei.AlmightyHeroApp;
				PRODUCT_NAME = "$(TARGET_NAME)";
				SWIFT_EMIT_LOC_STRINGS = YES;
				SWIFT_VERSION = 5.0;
				TARGETED_DEVICE_FAMILY = "1,2";
			};
			name = Debug;
		};
		27226F5E282F246F00DC02FD /* Release */ = {
			isa = XCBuildConfiguration;
			baseConfigurationReference = D22E36656C399551F60E316F /* Pods-AlmightyHeroApp.release.xcconfig */;
			buildSettings = {
				ASSETCATALOG_COMPILER_APPICON_NAME = AppIcon;
				ASSETCATALOG_COMPILER_GLOBAL_ACCENT_COLOR_NAME = AccentColor;
				CODE_SIGN_STYLE = Automatic;
				CURRENT_PROJECT_VERSION = 1;
				DEVELOPMENT_TEAM = F4YR54FN6M;
				GENERATE_INFOPLIST_FILE = YES;
				INFOPLIST_FILE = AlmightyHeroApp/Info.plist;
				INFOPLIST_KEY_UIApplicationSupportsIndirectInputEvents = YES;
				INFOPLIST_KEY_UILaunchStoryboardName = LaunchScreen;
				INFOPLIST_KEY_UIMainStoryboardFile = Main;
				INFOPLIST_KEY_UISupportedInterfaceOrientations_iPad = "UIInterfaceOrientationPortrait UIInterfaceOrientationPortraitUpsideDown UIInterfaceOrientationLandscapeLeft UIInterfaceOrientationLandscapeRight";
				INFOPLIST_KEY_UISupportedInterfaceOrientations_iPhone = "UIInterfaceOrientationPortrait UIInterfaceOrientationLandscapeLeft UIInterfaceOrientationLandscapeRight";
				LD_RUNPATH_SEARCH_PATHS = (
					"$(inherited)",
					"@executable_path/Frameworks",
				);
				MARKETING_VERSION = 1.0;
				PRODUCT_BUNDLE_IDENTIFIER = com.yohei.AlmightyHeroApp;
				PRODUCT_NAME = "$(TARGET_NAME)";
				SWIFT_EMIT_LOC_STRINGS = YES;
				SWIFT_VERSION = 5.0;
				TARGETED_DEVICE_FAMILY = "1,2";
			};
			name = Release;
		};
/* End XCBuildConfiguration section */

/* Begin XCConfigurationList section */
		27226F43282F246D00DC02FD /* Build configuration list for PBXProject "AlmightyHeroApp" */ = {
			isa = XCConfigurationList;
			buildConfigurations = (
				27226F5A282F246F00DC02FD /* Debug */,
				27226F5B282F246F00DC02FD /* Release */,
			);
			defaultConfigurationIsVisible = 0;
			defaultConfigurationName = Release;
		};
		27226F5C282F246F00DC02FD /* Build configuration list for PBXNativeTarget "AlmightyHeroApp" */ = {
			isa = XCConfigurationList;
			buildConfigurations = (
				27226F5D282F246F00DC02FD /* Debug */,
				27226F5E282F246F00DC02FD /* Release */,
			);
			defaultConfigurationIsVisible = 0;
			defaultConfigurationName = Release;
		};
/* End XCConfigurationList section */
	};
	rootObject = 27226F40282F246D00DC02FD /* Project object */;
}
